
Microsoft Visual Studio Solution File, Format Version 12.00
# Visual Studio Version 17
VisualStudioVersion = 17.7.34221.43
MinimumVisualStudioVersion = 10.0.40219.1
Project("{FAE04EC0-301F-11D3-BF4B-00C04F79EFBC}") = "Appview", "Appview.csproj", "{3AA9438D-EE77-461A-B563-AA7B4F77FA6C}"
EndProject
Global
	GlobalSection(SolutionConfigurationPlatforms) = preSolution
		Debug|Any CPU = Debug|Any CPU
		Release|Any CPU = Release|Any CPU
	EndGlobalSection
	GlobalSection(ProjectConfigurationPlatforms) = postSolution
		{3AA9438D-EE77-461A-B563-AA7B4F77FA6C}.Debug|Any CPU.ActiveCfg = Debug|Any CPU
		{3AA9438D-EE77-461A-B563-AA7B4F77FA6C}.Debug|Any CPU.Build.0 = Debug|Any CPU
		{3AA9438D-EE77-461A-B563-AA7B4F77FA6C}.Release|Any CPU.ActiveCfg = Release|Any CPU
		{3AA9438D-EE77-461A-B563-AA7B4F77FA6C}.Release|Any CPU.Build.0 = Release|Any CPU
	EndGlobalSection
	GlobalSection(SolutionProperties) = preSolution
		HideSolutionNode = FALSE
	EndGlobalSection
	GlobalSection(ExtensibilityGlobals) = postSolution
		SolutionGuid = {2835CC63-1BE5-432A-BDE8-6EE696808360}
	EndGlobalSection
EndGlobal
