
Microsoft Visual Studio Solution File, Format Version 12.00
# Visual Studio Version 17
VisualStudioVersion = 17.7.34221.43
MinimumVisualStudioVersion = 10.0.40219.1
Project("{9A19103F-16F7-4668-BE54-9A1E7A4F7556}") = "Appview", "Appview.csproj", "{3AA9438D-EE77-461A-B563-AA7B4F77FA6C}"
EndProject
Project("{2150E333-8FDC-42A3-9474-1A3956D46DE8}") = "Data", "Data", "{19FB33A8-1451-462D-B31F-7D9BF770D72A}"
	ProjectSection(SolutionItems) = preProject
		Database.cs = Database.cs
	EndProjectSection
EndProject
Global
	GlobalSection(SolutionConfigurationPlatforms) = preSolution
		Debug|Any CPU = Debug|Any CPU
		Release|Any CPU = Release|Any CPU
	EndGlobalSection
	GlobalSection(ProjectConfigurationPlatforms) = postSolution
		{3AA9438D-EE77-461A-B563-AA7B4F77FA6C}.Debug|Any CPU.ActiveCfg = Debug|Any CPU
		{3AA9438D-EE77-461A-B563-AA7B4F77FA6C}.Debug|Any CPU.Build.0 = Debug|Any CPU
		{3AA9438D-EE77-461A-B563-AA7B4F77FA6C}.Release|Any CPU.ActiveCfg = Release|Any CPU
		{3AA9438D-EE77-461A-B563-AA7B4F77FA6C}.Release|Any CPU.Build.0 = Release|Any CPU
	EndGlobalSection
	GlobalSection(SolutionProperties) = preSolution
		HideSolutionNode = FALSE
	EndGlobalSection
	GlobalSection(ExtensibilityGlobals) = postSolution
		SolutionGuid = {2835CC63-1BE5-432A-BDE8-6EE696808360}
	EndGlobalSection
EndGlobal
